
Microsoft Visual Studio Solution File, Format Version 12.00
# Visual Studio Version 16
VisualStudioVersion = 16.0.30128.74
MinimumVisualStudioVersion = 10.0.40219.1
Project("{FAE04EC0-301F-11D3-BF4B-00C04F79EFBC}") = "SmartMirror.Blazor.Server", "SmartMirror.Blazor\Server\SmartMirror.Blazor.Server.csproj", "{96D0CF17-A8A6-42A0-93A6-BB33314EA4FE}"
EndProject
Project("{FAE04EC0-301F-11D3-BF4B-00C04F79EFBC}") = "SmartMirror.Blazor.Client", "SmartMirror.Blazor\Client\SmartMirror.Blazor.Client.csproj", "{665AFB47-EE50-4956-AB9A-F164E7B0D69A}"
EndProject
Project("{FAE04EC0-301F-11D3-BF4B-00C04F79EFBC}") = "SmartMirror.Blazor.Shared", "SmartMirror.Blazor\Shared\SmartMirror.Blazor.Shared.csproj", "{A76D2454-3249-44AD-96BA-752A674AF96C}"
EndProject
Global
	GlobalSection(SolutionConfigurationPlatforms) = preSolution
		Debug|Any CPU = Debug|Any CPU
		Release|Any CPU = Release|Any CPU
	EndGlobalSection
	GlobalSection(ProjectConfigurationPlatforms) = postSolution
		{96D0CF17-A8A6-42A0-93A6-BB33314EA4FE}.Debug|Any CPU.ActiveCfg = Debug|Any CPU
		{96D0CF17-A8A6-42A0-93A6-BB33314EA4FE}.Debug|Any CPU.Build.0 = Debug|Any CPU
		{96D0CF17-A8A6-42A0-93A6-BB33314EA4FE}.Release|Any CPU.ActiveCfg = Release|Any CPU
		{96D0CF17-A8A6-42A0-93A6-BB33314EA4FE}.Release|Any CPU.Build.0 = Release|Any CPU
		{665AFB47-EE50-4956-AB9A-F164E7B0D69A}.Debug|Any CPU.ActiveCfg = Debug|Any CPU
		{665AFB47-EE50-4956-AB9A-F164E7B0D69A}.Debug|Any CPU.Build.0 = Debug|Any CPU
		{665AFB47-EE50-4956-AB9A-F164E7B0D69A}.Release|Any CPU.ActiveCfg = Release|Any CPU
		{665AFB47-EE50-4956-AB9A-F164E7B0D69A}.Release|Any CPU.Build.0 = Release|Any CPU
		{A76D2454-3249-44AD-96BA-752A674AF96C}.Debug|Any CPU.ActiveCfg = Debug|Any CPU
		{A76D2454-3249-44AD-96BA-752A674AF96C}.Debug|Any CPU.Build.0 = Debug|Any CPU
		{A76D2454-3249-44AD-96BA-752A674AF96C}.Release|Any CPU.ActiveCfg = Release|Any CPU
		{A76D2454-3249-44AD-96BA-752A674AF96C}.Release|Any CPU.Build.0 = Release|Any CPU
	EndGlobalSection
	GlobalSection(SolutionProperties) = preSolution
		HideSolutionNode = FALSE
	EndGlobalSection
	GlobalSection(ExtensibilityGlobals) = postSolution
		SolutionGuid = {9B599C1D-D6ED-4A6A-AB21-8FCB6A8D1637}
	EndGlobalSection
EndGlobal
